
Microsoft Visual Studio Solution File, Format Version 12.00
# Visual Studio 14
VisualStudioVersion = 14.0.25420.1
MinimumVisualStudioVersion = 10.0.40219.1
Project("{8BC9CEB8-8B4A-11D0-8D11-00A0C91BC942}") = "high-performance-server", "high-performance-server\high-performance-server.vcxproj", "{37DD9D77-EC02-4E22-A634-149A2003A360}"
EndProject
Project("{8BC9CEB8-8B4A-11D0-8D11-00A0C91BC942}") = "HPS_Client", "HPS_Client\HPS_Client.vcxproj", "{413EBAAC-1F93-4AFD-9327-E06847A6EE78}"
EndProject
Global
	GlobalSection(SolutionConfigurationPlatforms) = preSolution
		Debug|x64 = Debug|x64
		Debug|x86 = Debug|x86
		Release|x64 = Release|x64
		Release|x86 = Release|x86
	EndGlobalSection
	GlobalSection(ProjectConfigurationPlatforms) = postSolution
		{37DD9D77-EC02-4E22-A634-149A2003A360}.Debug|x64.ActiveCfg = Debug|x64
		{37DD9D77-EC02-4E22-A634-149A2003A360}.Debug|x64.Build.0 = Debug|x64
		{37DD9D77-EC02-4E22-A634-149A2003A360}.Debug|x86.ActiveCfg = Debug|Win32
		{37DD9D77-EC02-4E22-A634-149A2003A360}.Debug|x86.Build.0 = Debug|Win32
		{37DD9D77-EC02-4E22-A634-149A2003A360}.Release|x64.ActiveCfg = Release|x64
		{37DD9D77-EC02-4E22-A634-149A2003A360}.Release|x64.Build.0 = Release|x64
		{37DD9D77-EC02-4E22-A634-149A2003A360}.Release|x86.ActiveCfg = Release|Win32
		{37DD9D77-EC02-4E22-A634-149A2003A360}.Release|x86.Build.0 = Release|Win32
		{413EBAAC-1F93-4AFD-9327-E06847A6EE78}.Debug|x64.ActiveCfg = Debug|x64
		{413EBAAC-1F93-4AFD-9327-E06847A6EE78}.Debug|x64.Build.0 = Debug|x64
		{413EBAAC-1F93-4AFD-9327-E06847A6EE78}.Debug|x86.ActiveCfg = Debug|Win32
		{413EBAAC-1F93-4AFD-9327-E06847A6EE78}.Debug|x86.Build.0 = Debug|Win32
		{413EBAAC-1F93-4AFD-9327-E06847A6EE78}.Release|x64.ActiveCfg = Release|x64
		{413EBAAC-1F93-4AFD-9327-E06847A6EE78}.Release|x64.Build.0 = Release|x64
		{413EBAAC-1F93-4AFD-9327-E06847A6EE78}.Release|x86.ActiveCfg = Release|Win32
		{413EBAAC-1F93-4AFD-9327-E06847A6EE78}.Release|x86.Build.0 = Release|Win32
	EndGlobalSection
	GlobalSection(SolutionProperties) = preSolution
		HideSolutionNode = FALSE
	EndGlobalSection
EndGlobal
